# THIS IS AN AUTOGENERATED FILE. DO NOT EDIT THIS FILE DIRECTLY.
# yarn lockfile v1


"@babel/parser@^7.16.4":
  "integrity" "sha512-6zavDGdzG3gUqAdWvlLFfk+36RilI+Pwyuuh7HItyeScCWP3k6i8vKclAQ0bM/0y/Kz/xiwvxhMv9MgTJP5gmA=="
  "resolved" "https://registry.npmjs.org/@babel/parser/-/parser-7.21.8.tgz"
  "version" "7.21.8"

"@inertiajs/inertia-vue3@^0.6.0":
  "integrity" "sha512-qhPBtd/G0VS7vVVbYw1rrqKB6JqRusxqt+5ec2GLmK6t7fTlBBnZ3KsakmGZLSM1m1OGkNcfn4ifmCk3zfA8RQ=="
  "resolved" "https://registry.npmjs.org/@inertiajs/inertia-vue3/-/inertia-vue3-0.6.0.tgz"
  "version" "0.6.0"
  dependencies:
    "lodash.clonedeep" "^4.5.0"
    "lodash.isequal" "^4.5.0"

"@inertiajs/inertia@^0.11.0", "@inertiajs/inertia@^0.6.0 || ^0.7.0 || ^0.8.0 || ^0.9.0 || ^0.10.0 || ^0.11.0":
  "integrity" "sha512-QF4hctgFC+B/t/WClCwfOla+WoDE9iTltQJ0u+DCfjl0KdGoCvIxYiNtuH8h8oM+RQMb8orjbpW3pHapjYI5Vw=="
  "resolved" "https://registry.npmjs.org/@inertiajs/inertia/-/inertia-0.11.0.tgz"
  "version" "0.11.0"
  dependencies:
    "axios" "^0.21.1"
    "deepmerge" "^4.0.0"
    "qs" "^6.9.0"

"@inertiajs/progress@^0.2.7":
  "integrity" "sha512-zxadfLlBPIUvTE9g5k71V/Ayzo8P9kEp4hV4UKywCC2kURufxV7bycbZqU1GeMCFGDT+VRrjXNl676Pwwa1HoQ=="
  "resolved" "https://registry.npmjs.org/@inertiajs/progress/-/progress-0.2.7.tgz"
  "version" "0.2.7"
  dependencies:
    "nprogress" "^0.2.0"

"@popperjs/core@^2.11.6":
  "integrity" "sha512-Cr4OjIkipTtcXKjAsm8agyleBuDHvxzeBoa1v543lbv1YaIwQjESsVcmjiWiPEbC1FIeHOG/Op9kdCmAmiS3Kw=="
  "resolved" "https://registry.npmjs.org/@popperjs/core/-/core-2.11.7.tgz"
  "version" "2.11.7"

"@tabler/core@^1.0.0-beta17":
  "integrity" "sha512-tQpzw8oi7vjLJTyCWLHHXKyGTd0JA4bsgN3w7lifl6HhyNOQSsxIx9EpkE/ZT842MlFwy+2tXkxi5fghegHQBw=="
  "resolved" "https://registry.npmjs.org/@tabler/core/-/core-1.0.0-beta17.tgz"
  "version" "1.0.0-beta17"
  dependencies:
    "@popperjs/core" "^2.11.6"
    "bootstrap" "5.3.0-alpha1"

"@tinymce/tinymce-vue@^4.0.7":
  "integrity" "sha512-1esB8wGWrjPCY+rK8vy3QB1cxwXo7HLJWuNrcyPl6LOVR+QJjub0OiV/C+TUEsLN6OpCtRv+QnIqMC5vXz783Q=="
  "resolved" "https://registry.npmjs.org/@tinymce/tinymce-vue/-/tinymce-vue-4.0.7.tgz"
  "version" "4.0.7"
  dependencies:
    "tinymce" "^5.5.0"

"@vitejs/plugin-vue@^3.0.1":
  "integrity" "sha512-Ll9JgxG7ONIz/XZv3dssfoMUDu9qAnlJ+km+pBA0teYSXzwPCIzS/e1bmwNYl5dcQGs677D21amgfYAnzMl17A=="
  "resolved" "https://registry.npmjs.org/@vitejs/plugin-vue/-/plugin-vue-3.0.1.tgz"
  "version" "3.0.1"

"@vue/compiler-core@3.2.29":
  "integrity" "sha512-RePZ/J4Ub3sb7atQw6V6Rez+/5LCRHGFlSetT3N4VMrejqJnNPXKUt5AVm/9F5MJriy2w/VudEIvgscCfCWqxw=="
  "resolved" "https://registry.npmjs.org/@vue/compiler-core/-/compiler-core-3.2.29.tgz"
  "version" "3.2.29"
  dependencies:
    "@babel/parser" "^7.16.4"
    "@vue/shared" "3.2.29"
    "estree-walker" "^2.0.2"
    "source-map" "^0.6.1"

"@vue/compiler-dom@3.2.29":
  "integrity" "sha512-y26vK5khdNS9L3ckvkqJk/78qXwWb75Ci8iYLb67AkJuIgyKhIOcR1E8RIt4mswlVCIeI9gQ+fmtdhaiTAtrBQ=="
  "resolved" "https://registry.npmjs.org/@vue/compiler-dom/-/compiler-dom-3.2.29.tgz"
  "version" "3.2.29"
  dependencies:
    "@vue/compiler-core" "3.2.29"
    "@vue/shared" "3.2.29"

"@vue/compiler-sfc@3.2.29":
  "integrity" "sha512-X9+0dwsag2u6hSOP/XsMYqFti/edvYvxamgBgCcbSYuXx1xLZN+dS/GvQKM4AgGS4djqo0jQvWfIXdfZ2ET68g=="
  "resolved" "https://registry.npmjs.org/@vue/compiler-sfc/-/compiler-sfc-3.2.29.tgz"
  "version" "3.2.29"
  dependencies:
    "@babel/parser" "^7.16.4"
    "@vue/compiler-core" "3.2.29"
    "@vue/compiler-dom" "3.2.29"
    "@vue/compiler-ssr" "3.2.29"
    "@vue/reactivity-transform" "3.2.29"
    "@vue/shared" "3.2.29"
    "estree-walker" "^2.0.2"
    "magic-string" "^0.25.7"
    "postcss" "^8.1.10"
    "source-map" "^0.6.1"

"@vue/compiler-ssr@3.2.29":
  "integrity" "sha512-LrvQwXlx66uWsB9/VydaaqEpae9xtmlUkeSKF6aPDbzx8M1h7ukxaPjNCAXuFd3fUHblcri8k42lfimHfzMICA=="
  "resolved" "https://registry.npmjs.org/@vue/compiler-ssr/-/compiler-ssr-3.2.29.tgz"
  "version" "3.2.29"
  dependencies:
    "@vue/compiler-dom" "3.2.29"
    "@vue/shared" "3.2.29"

"@vue/reactivity-transform@3.2.29":
  "integrity" "sha512-YF6HdOuhdOw6KyRm59+3rML8USb9o8mYM1q+SH0G41K3/q/G7uhPnHGKvspzceD7h9J3VR1waOQ93CUZj7J7OA=="
  "resolved" "https://registry.npmjs.org/@vue/reactivity-transform/-/reactivity-transform-3.2.29.tgz"
  "version" "3.2.29"
  dependencies:
    "@babel/parser" "^7.16.4"
    "@vue/compiler-core" "3.2.29"
    "@vue/shared" "3.2.29"
    "estree-walker" "^2.0.2"
    "magic-string" "^0.25.7"

"@vue/reactivity@3.2.29":
  "integrity" "sha512-Ryhb6Gy62YolKXH1gv42pEqwx7zs3n8gacRVZICSgjQz8Qr8QeCcFygBKYfJm3o1SccR7U+bVBQDWZGOyG1k4g=="
  "resolved" "https://registry.npmjs.org/@vue/reactivity/-/reactivity-3.2.29.tgz"
  "version" "3.2.29"
  dependencies:
    "@vue/shared" "3.2.29"

"@vue/runtime-core@3.2.29":
  "integrity" "sha512-VMvQuLdzoTGmCwIKTKVwKmIL0qcODIqe74JtK1pVr5lnaE0l25hopodmPag3RcnIcIXe+Ye3B2olRCn7fTCgig=="
  "resolved" "https://registry.npmjs.org/@vue/runtime-core/-/runtime-core-3.2.29.tgz"
  "version" "3.2.29"
  dependencies:
    "@vue/reactivity" "3.2.29"
    "@vue/shared" "3.2.29"

"@vue/runtime-dom@3.2.29":
  "integrity" "sha512-YJgLQLwr+SQyORzTsBQLL5TT/5UiV83tEotqjL7F9aFDIQdFBTCwpkCFvX9jqwHoyi9sJqM9XtTrMcc8z/OjPA=="
  "resolved" "https://registry.npmjs.org/@vue/runtime-dom/-/runtime-dom-3.2.29.tgz"
  "version" "3.2.29"
  dependencies:
    "@vue/runtime-core" "3.2.29"
    "@vue/shared" "3.2.29"
    "csstype" "^2.6.8"

"@vue/server-renderer@3.2.29":
  "integrity" "sha512-lpiYx7ciV7rWfJ0tPkoSOlLmwqBZ9FTmQm33S+T4g0j1fO/LmhJ9b9Ctl1o5xvIFVDk9QkSUWANZn7H2pXuxVw=="
  "resolved" "https://registry.npmjs.org/@vue/server-renderer/-/server-renderer-3.2.29.tgz"
  "version" "3.2.29"
  dependencies:
    "@vue/compiler-ssr" "3.2.29"
    "@vue/shared" "3.2.29"

"@vue/shared@3.2.29":
  "integrity" "sha512-BjNpU8OK6Z0LVzGUppEk0CMYm/hKDnZfYdjSmPOs0N+TR1cLKJAkDwW8ASZUvaaSLEi6d3hVM7jnWnX+6yWnHw=="
  "resolved" "https://registry.npmjs.org/@vue/shared/-/shared-3.2.29.tgz"
  "version" "3.2.29"

"apexcharts@^3.36.3":
  "integrity" "sha512-dSi3BUfCJkFd67uFp+xffrJVd3lDT7AAUUyRp0qPYiglJ76CeZLddVhM3FAk1P9GCzf8VewqGYUPCYQvXm+b9A=="
  "resolved" "https://registry.npmjs.org/apexcharts/-/apexcharts-3.40.0.tgz"
  "version" "3.40.0"
  dependencies:
    "svg.draggable.js" "^2.2.2"
    "svg.easing.js" "^2.0.0"
    "svg.filter.js" "^2.0.2"
    "svg.pathmorphing.js" "^0.1.3"
    "svg.resize.js" "^1.4.3"
    "svg.select.js" "^3.0.1"

"asynckit@^0.4.0":
  "integrity" "sha512-Oei9OH4tRh0YqU3GxhX79dM/mwVgvbZJaSNaRk+bshkj0S5cfHcgYakreBjrHwatXKbz+IoIdYLxrKim2MjW0Q=="
  "resolved" "https://registry.npmjs.org/asynckit/-/asynckit-0.4.0.tgz"
  "version" "0.4.0"

"autosize@^5.0.2":
  "integrity" "sha512-FPVt5ynkqUAA9gcMZnJHka1XfQgr1WNd/yRfIjmj5WGmjua+u5Hl9hn8M2nU5CNy2bEIcj1ZUwXq7IOHsfZG9w=="
  "resolved" "https://registry.npmjs.org/autosize/-/autosize-5.0.2.tgz"
  "version" "5.0.2"

"axios@^0.21.1":
  "integrity" "sha512-ut5vewkiu8jjGBdqpM44XxjuCjq9LAKeHVmoVfHVzy8eHgxxq8SbAVQNovDA8mVi05kP0Ea/n/UzcSHcTJQfNg=="
  "resolved" "https://registry.npmjs.org/axios/-/axios-0.21.4.tgz"
  "version" "0.21.4"
  dependencies:
    "follow-redirects" "^1.14.0"

"axios@^0.27":
  "integrity" "sha512-t+yRIyySRTp/wua5xEr+z1q60QmLq8ABsS5O9Me1AsE5dfKqgnCFzwiCZZ/cGNd1lq4/7akDWMxdhVlucjmnOQ=="
  "resolved" "https://registry.npmjs.org/axios/-/axios-0.27.2.tgz"
  "version" "0.27.2"
  dependencies:
    "follow-redirects" "^1.14.9"
    "form-data" "^4.0.0"

"bootstrap@5.3.0-alpha1":
  "integrity" "sha512-ABZpKK4ObS3kKlIqH+ZVDqoy5t/bhFG0oHTAzByUdon7YIom0lpCeTqRniDzJmbtcWkNe800VVPBiJgxSYTYew=="
  "resolved" "https://registry.npmjs.org/bootstrap/-/bootstrap-5.3.0-alpha1.tgz"
  "version" "5.3.0-alpha1"

"call-bind@^1.0.0":
  "integrity" "sha512-7O+FbCihrB5WGbFYesctwmTKae6rOiIzmz1icreWJ+0aA7LJfuqhEso2T9ncpcFtzMQtzXf2QGGueWJGTYsqrA=="
  "resolved" "https://registry.npmjs.org/call-bind/-/call-bind-1.0.2.tgz"
  "version" "1.0.2"
  dependencies:
    "function-bind" "^1.1.1"
    "get-intrinsic" "^1.0.2"

"combined-stream@^1.0.8":
  "integrity" "sha512-FQN4MRfuJeHf7cBbBMJFXhKSDq+2kAArBlmRBvcvFE5BB1HZKXtSFASDhdlz9zOYwxh8lDdnvmMOe/+5cdoEdg=="
  "resolved" "https://registry.npmjs.org/combined-stream/-/combined-stream-1.0.8.tgz"
  "version" "1.0.8"
  dependencies:
    "delayed-stream" "~1.0.0"

"countup.js@^2.3.2":
  "integrity" "sha512-PRvoilkebwr1MKaRAllyJl2cD7mgunGZWXLaSFL+YqHXlJpjLX7SHTWonRfIx2xg1Xf7SPbo92bOOonSIomRYQ=="
  "resolved" "https://registry.npmjs.org/countup.js/-/countup.js-2.6.2.tgz"
  "version" "2.6.2"

"csstype@^2.6.8":
  "integrity" "sha512-Z1PhmomIfypOpoMjRQB70jfvy/wxT50qW08YXO5lMIJkrdq4yOTR+AW7FqutScmB9NkLwxo+jU+kZLbofZZq/w=="
  "resolved" "https://registry.npmjs.org/csstype/-/csstype-2.6.21.tgz"
  "version" "2.6.21"

"deepmerge@^4.0.0":
  "integrity" "sha512-3sUqbMEc77XqpdNO7FRyRog+eW3ph+GYCbj+rK+uYyRMuwsVy0rMiVtPn+QJlKFvWP/1PYpapqYn0Me2knFn+A=="
  "resolved" "https://registry.npmjs.org/deepmerge/-/deepmerge-4.3.1.tgz"
  "version" "4.3.1"

"delayed-stream@~1.0.0":
  "integrity" "sha512-ZySD7Nf91aLB0RxL4KGrKHBXl7Eds1DAmEdcoVawXnLD7SDhpNgtuII2aAkg7a7QS41jxPSZ17p4VdGnMHk3MQ=="
  "resolved" "https://registry.npmjs.org/delayed-stream/-/delayed-stream-1.0.0.tgz"
  "version" "1.0.0"

"esbuild-windows-64@0.15.18":
  "integrity" "sha512-qinug1iTTaIIrCorAUjR0fcBk24fjzEedFYhhispP8Oc7SFvs+XeW3YpAKiKp8dRpizl4YYAhxMjlftAMJiaUw=="
  "resolved" "https://registry.npmjs.org/esbuild-windows-64/-/esbuild-windows-64-0.15.18.tgz"
  "version" "0.15.18"

"esbuild@^0.15.9":
  "integrity" "sha512-x/R72SmW3sSFRm5zrrIjAhCeQSAWoni3CmHEqfQrZIQTM3lVCdehdwuIqaOtfC2slvpdlLa62GYoN8SxT23m6Q=="
  "resolved" "https://registry.npmjs.org/esbuild/-/esbuild-0.15.18.tgz"
  "version" "0.15.18"
  optionalDependencies:
    "@esbuild/android-arm" "0.15.18"
    "@esbuild/linux-loong64" "0.15.18"
    "esbuild-android-64" "0.15.18"
    "esbuild-android-arm64" "0.15.18"
    "esbuild-darwin-64" "0.15.18"
    "esbuild-darwin-arm64" "0.15.18"
    "esbuild-freebsd-64" "0.15.18"
    "esbuild-freebsd-arm64" "0.15.18"
    "esbuild-linux-32" "0.15.18"
    "esbuild-linux-64" "0.15.18"
    "esbuild-linux-arm" "0.15.18"
    "esbuild-linux-arm64" "0.15.18"
    "esbuild-linux-mips64le" "0.15.18"
    "esbuild-linux-ppc64le" "0.15.18"
    "esbuild-linux-riscv64" "0.15.18"
    "esbuild-linux-s390x" "0.15.18"
    "esbuild-netbsd-64" "0.15.18"
    "esbuild-openbsd-64" "0.15.18"
    "esbuild-sunos-64" "0.15.18"
    "esbuild-windows-32" "0.15.18"
    "esbuild-windows-64" "0.15.18"
    "esbuild-windows-arm64" "0.15.18"

"estree-walker@^2.0.2":
  "integrity" "sha512-Rfkk/Mp/DL7JVje3u18FxFujQlTNR2q6QfMSMB7AvCBx91NGj/ba3kCfza0f6dVDbw7YlRf/nDrn7pQrCCyQ/w=="
  "resolved" "https://registry.npmjs.org/estree-walker/-/estree-walker-2.0.2.tgz"
  "version" "2.0.2"

"flatpickr@^4.6.13":
  "integrity" "sha512-97PMG/aywoYpB4IvbvUJi0RQi8vearvU0oov1WW3k0WZPBMrTQVqekSX5CjSG/M4Q3i6A/0FKXC7RyAoAUUSPw=="
  "resolved" "https://registry.npmjs.org/flatpickr/-/flatpickr-4.6.13.tgz"
  "version" "4.6.13"

"follow-redirects@^1.14.0", "follow-redirects@^1.14.9":
  "integrity" "sha512-VQLG33o04KaQ8uYi2tVNbdrWp1QWxNNea+nmIB4EVM28v0hmP17z7aG1+wAkNzVq4KeXTq3221ye5qTJP91JwA=="
  "resolved" "https://registry.npmjs.org/follow-redirects/-/follow-redirects-1.15.2.tgz"
  "version" "1.15.2"

"form-data@^4.0.0":
  "integrity" "sha512-ETEklSGi5t0QMZuiXoA/Q6vcnxcLQP5vdugSpuAyi6SVGi2clPPp+xgEhuMaHC+zGgn31Kd235W35f7Hykkaww=="
  "resolved" "https://registry.npmjs.org/form-data/-/form-data-4.0.0.tgz"
  "version" "4.0.0"
  dependencies:
    "asynckit" "^0.4.0"
    "combined-stream" "^1.0.8"
    "mime-types" "^2.1.12"

"function-bind@^1.1.1":
  "integrity" "sha512-yIovAzMX49sF8Yl58fSCWJ5svSLuaibPxXQJFLmBObTuCr0Mf1KiPopGM9NiFjiYBCbfaa2Fh6breQ6ANVTI0A=="
  "resolved" "https://registry.npmjs.org/function-bind/-/function-bind-1.1.1.tgz"
  "version" "1.1.1"

"get-intrinsic@^1.0.2":
  "integrity" "sha512-L049y6nFOuom5wGyRc3/gdTLO94dySVKRACj1RmJZBQXlbTMhtNIgkWkUHq+jYmZvKf14EW1EoJnnjbmoHij0Q=="
  "resolved" "https://registry.npmjs.org/get-intrinsic/-/get-intrinsic-1.2.0.tgz"
  "version" "1.2.0"
  dependencies:
    "function-bind" "^1.1.1"
    "has" "^1.0.3"
    "has-symbols" "^1.0.3"

"has-symbols@^1.0.3":
  "integrity" "sha512-l3LCuF6MgDNwTDKkdYGEihYjt5pRPbEg46rtlmnSPlUbgmB8LOIrKJbYYFBSbnPaJexMKtiPO8hmeRjRz2Td+A=="
  "resolved" "https://registry.npmjs.org/has-symbols/-/has-symbols-1.0.3.tgz"
  "version" "1.0.3"

"has@^1.0.3":
  "integrity" "sha512-f2dvO0VU6Oej7RkWJGrehjbzMAjFp5/VKPp5tTpWIV4JHHZK1/BxbFRtf/siA2SWTe09caDmVtYYzWEIbBS4zw=="
  "resolved" "https://registry.npmjs.org/has/-/has-1.0.3.tgz"
  "version" "1.0.3"
  dependencies:
    "function-bind" "^1.1.1"

"imask@^6.4.3", "imask@^6.6.1":
  "integrity" "sha512-3JfLZVYABpNUGZpObu92/+3ptwwNIHXWNYqCfS+OaHBmMhLKBAAnGa2oNJWLbx5r3EyWxnkFNb2bX5Dz4wLkuA=="
  "resolved" "https://registry.npmjs.org/imask/-/imask-6.6.1.tgz"
  "version" "6.6.1"

"is-core-module@^2.11.0":
  "integrity" "sha512-RECHCBCd/viahWmwj6enj19sKbHfJrddi/6cBDsNTKbNq0f7VeaUkBo60BqzvPqo/W54ChS62Z5qyun7cfOMqQ=="
  "resolved" "https://registry.npmjs.org/is-core-module/-/is-core-module-2.12.0.tgz"
  "version" "2.12.0"
  dependencies:
    "has" "^1.0.3"

"laravel-vite-plugin@^0.5.0":
  "integrity" "sha512-LSLLul+YwY3egz0fzO4TPEGtUQAL4F2hrrt5wfQo3OzUfjVrqtRy0w1Zkw/g8CkfUyAZhr59oc/RxvPmpF9czg=="
  "resolved" "https://registry.npmjs.org/laravel-vite-plugin/-/laravel-vite-plugin-0.5.4.tgz"
  "version" "0.5.4"
  dependencies:
    "vite-plugin-full-reload" "^1.0.1"

"lodash.clonedeep@^4.5.0":
  "integrity" "sha512-H5ZhCF25riFd9uB5UCkVKo61m3S/xZk1x4wA6yp/L3RFP6Z/eHH1ymQcGLo7J3GMPfm0V/7m1tryHuGVxpqEBQ=="
  "resolved" "https://registry.npmjs.org/lodash.clonedeep/-/lodash.clonedeep-4.5.0.tgz"
  "version" "4.5.0"

"lodash.isequal@^4.5.0":
  "integrity" "sha512-pDo3lu8Jhfjqls6GkMgpahsF9kCyayhgykjyLMNFTKWrpVdAQtYyB4muAMWozBB4ig/dtWAmsMxLEI8wuz+DYQ=="
  "resolved" "https://registry.npmjs.org/lodash.isequal/-/lodash.isequal-4.5.0.tgz"
  "version" "4.5.0"

"lodash@^4.17.19":
  "integrity" "sha512-v2kDEe57lecTulaDIuNTPy3Ry4gLGJ6Z1O3vE1krgXZNrsQ+LFTGHVxVjcXPs17LhbZVGedAJv8XZ1tvj5FvSg=="
  "resolved" "https://registry.npmjs.org/lodash/-/lodash-4.17.21.tgz"
  "version" "4.17.21"

"magic-string@^0.25.7":
  "integrity" "sha512-RmF0AsMzgt25qzqqLc1+MbHmhdx0ojF2Fvs4XnOqz2ZOBXzzkEwc/dJQZCYHAn7v1jbVOjAZfK8msRn4BxO4VQ=="
  "resolved" "https://registry.npmjs.org/magic-string/-/magic-string-0.25.9.tgz"
  "version" "0.25.9"
  dependencies:
    "sourcemap-codec" "^1.4.8"

"mime-db@1.52.0":
  "integrity" "sha512-sPU4uV7dYlvtWJxwwxHD0PuihVNiE7TyAbQ5SWxDCB9mUYvOgroQOwYQQOKPJ8CIbE+1ETVlOoK1UC2nU3gYvg=="
  "resolved" "https://registry.npmjs.org/mime-db/-/mime-db-1.52.0.tgz"
  "version" "1.52.0"

"mime-types@^2.1.12":
  "integrity" "sha512-ZDY+bPm5zTTF+YpCrAU9nK0UgICYPT0QtT1NZWFv4s++TNkcgVaT0g6+4R2uI4MjQjzysHB1zxuWL50hzaeXiw=="
  "resolved" "https://registry.npmjs.org/mime-types/-/mime-types-2.1.35.tgz"
  "version" "2.1.35"
  dependencies:
    "mime-db" "1.52.0"

"nanoid@^3.3.6":
  "integrity" "sha512-BGcqMMJuToF7i1rt+2PWSNVnWIkGCU78jBG3RxO/bZlnZPK2Cmi2QaffxGO/2RvWi9sL+FAiRiXMgsyxQ1DIDA=="
  "resolved" "https://registry.npmjs.org/nanoid/-/nanoid-3.3.6.tgz"
  "version" "3.3.6"

"nouislider@^15.6.1":
  "integrity" "sha512-aJVEULBPOUwq32/s7xnLNyLvo4kuzYJJsNp2PNGW932AQ0uuDAbLShAqswtxRzJc5n/dLJXNlYSLOZ57bcUg1w=="
  "resolved" "https://registry.npmjs.org/nouislider/-/nouislider-15.7.0.tgz"
  "version" "15.7.0"

"nprogress@^0.2.0":
  "integrity" "sha512-I19aIingLgR1fmhftnbWWO3dXc0hSxqHQHQb3H8m+K3TnEn/iSeTZZOyvKXWqQESMwuUVnatlCnZdLBZZt2VSA=="
  "resolved" "https://registry.npmjs.org/nprogress/-/nprogress-0.2.0.tgz"
  "version" "0.2.0"

"object-inspect@^1.9.0":
  "integrity" "sha512-geUvdk7c+eizMNUDkRpW1wJwgfOiOeHbxBR/hLXK1aT6zmVSO0jsQcs7fj6MGw89jC/cjGfLcNOrtMYtGqm81g=="
  "resolved" "https://registry.npmjs.org/object-inspect/-/object-inspect-1.12.3.tgz"
  "version" "1.12.3"

"path-parse@^1.0.7":
  "integrity" "sha512-LDJzPVEEEPR+y48z93A0Ed0yXb8pAByGWo/k5YYdYgpY2/2EsOsksJrq7lOHxryrVOn1ejG6oAp8ahvOIQD8sw=="
  "resolved" "https://registry.npmjs.org/path-parse/-/path-parse-1.0.7.tgz"
  "version" "1.0.7"

"picocolors@^1.0.0":
  "integrity" "sha512-1fygroTLlHu66zi26VoTDv8yRgm0Fccecssto+MhsZ0D/DGW2sm8E8AjW7NU5VVTRt5GxbeZ5qBuJr+HyLYkjQ=="
  "resolved" "https://registry.npmjs.org/picocolors/-/picocolors-1.0.0.tgz"
  "version" "1.0.0"

"picomatch@^2.3.1":
  "integrity" "sha512-JU3teHTNjmE2VCGFzuY8EXzCDVwEqB2a8fsIvwaStHhAWJEeVd1o1QD80CU6+ZdEXXSLbSsuLwJjkCBWqRQUVA=="
  "resolved" "https://registry.npmjs.org/picomatch/-/picomatch-2.3.1.tgz"
  "version" "2.3.1"

"postcss@^8.1.10", "postcss@^8.1.14", "postcss@^8.4.18":
  "integrity" "sha512-bQ3qMcpF6A/YjR55xtoTr0jGOlnPOKAIMdOWiv0EIT6HVPEaJiJB4NLljSbiHoC2RX7DN5Uvjtpbg1NPdwv1oA=="
  "resolved" "https://registry.npmjs.org/postcss/-/postcss-8.4.23.tgz"
  "version" "8.4.23"
  dependencies:
    "nanoid" "^3.3.6"
    "picocolors" "^1.0.0"
    "source-map-js" "^1.0.2"

"qs@^6.9.0":
  "integrity" "sha512-0wsrzgTz/kAVIeuxSjnpGC56rzYtr6JT/2BwEvMaPhFIoYa1aGO8LbzuU1R0uUYQkLpWBTOj0l/CLAJB64J6nQ=="
  "resolved" "https://registry.npmjs.org/qs/-/qs-6.11.1.tgz"
  "version" "6.11.1"
  dependencies:
    "side-channel" "^1.0.4"

"resolve@^1.22.1":
  "integrity" "sha512-Sb+mjNHOULsBv818T40qSPeRiuWLyaGMa5ewydRLFimneixmVy2zdivRl+AF6jaYPC8ERxGDmFSiqui6SfPd+g=="
  "resolved" "https://registry.npmjs.org/resolve/-/resolve-1.22.2.tgz"
  "version" "1.22.2"
  dependencies:
    "is-core-module" "^2.11.0"
    "path-parse" "^1.0.7"
    "supports-preserve-symlinks-flag" "^1.0.0"

"rollup@^2.79.1":
  "integrity" "sha512-uKxbd0IhMZOhjAiD5oAFp7BqvkA4Dv47qpOCtaNvng4HBwdbWtdOh8f5nZNuk2rp51PMGk3bzfWu5oayNEuYnw=="
  "resolved" "https://registry.npmjs.org/rollup/-/rollup-2.79.1.tgz"
  "version" "2.79.1"
  optionalDependencies:
    "fsevents" "~2.3.2"

"side-channel@^1.0.4":
  "integrity" "sha512-q5XPytqFEIKHkGdiMIrY10mvLRvnQh42/+GoBlFW3b2LXLE2xxJpZFdm94we0BaoV3RwJyGqg5wS7epxTv0Zvw=="
  "resolved" "https://registry.npmjs.org/side-channel/-/side-channel-1.0.4.tgz"
  "version" "1.0.4"
  dependencies:
    "call-bind" "^1.0.0"
    "get-intrinsic" "^1.0.2"
    "object-inspect" "^1.9.0"

"source-map-js@^1.0.2":
  "integrity" "sha512-R0XvVJ9WusLiqTCEiGCmICCMplcCkIwwR11mOSD9CR5u+IXYdiseeEuXCVAjS54zqwkLcPNnmU4OeJ6tUrWhDw=="
  "resolved" "https://registry.npmjs.org/source-map-js/-/source-map-js-1.0.2.tgz"
  "version" "1.0.2"

"source-map@^0.6.1":
  "integrity" "sha512-UjgapumWlbMhkBgzT7Ykc5YXUT46F0iKu8SGXq0bcwP5dz/h0Plj6enJqjz1Zbq2l5WaqYnrVbwWOWMyF3F47g=="
  "resolved" "https://registry.npmjs.org/source-map/-/source-map-0.6.1.tgz"
  "version" "0.6.1"

"sourcemap-codec@^1.4.8":
  "integrity" "sha512-9NykojV5Uih4lgo5So5dtw+f0JgJX30KCNI8gwhz2J9A15wD0Ml6tjHKwf6fTSa6fAdVBdZeNOs9eJ71qCk8vA=="
  "resolved" "https://registry.npmjs.org/sourcemap-codec/-/sourcemap-codec-1.4.8.tgz"
  "version" "1.4.8"

"supports-preserve-symlinks-flag@^1.0.0":
  "integrity" "sha512-ot0WnXS9fgdkgIcePe6RHNk1WA8+muPa6cSjeR3V8K27q9BB1rTE3R1p7Hv0z1ZyAc8s6Vvv8DIyWf681MAt0w=="
  "resolved" "https://registry.npmjs.org/supports-preserve-symlinks-flag/-/supports-preserve-symlinks-flag-1.0.0.tgz"
  "version" "1.0.0"

"svg.draggable.js@^2.2.2":
  "integrity" "sha512-JzNHBc2fLQMzYCZ90KZHN2ohXL0BQJGQimK1kGk6AvSeibuKcIdDX9Kr0dT9+UJ5O8nYA0RB839Lhvk4CY4MZw=="
  "resolved" "https://registry.npmjs.org/svg.draggable.js/-/svg.draggable.js-2.2.2.tgz"
  "version" "2.2.2"
  dependencies:
    "svg.js" "^2.0.1"

"svg.easing.js@^2.0.0":
  "integrity" "sha512-//ctPdJMGy22YoYGV+3HEfHbm6/69LJUTAqI2/5qBvaNHZ9uUFVC82B0Pl299HzgH13rKrBgi4+XyXXyVWWthA=="
  "resolved" "https://registry.npmjs.org/svg.easing.js/-/svg.easing.js-2.0.0.tgz"
  "version" "2.0.0"
  dependencies:
    "svg.js" ">=2.3.x"

"svg.filter.js@^2.0.2":
  "integrity" "sha512-xkGBwU+dKBzqg5PtilaTb0EYPqPfJ9Q6saVldX+5vCRy31P6TlRCP3U9NxH3HEufkKkpNgdTLBJnmhDHeTqAkw=="
  "resolved" "https://registry.npmjs.org/svg.filter.js/-/svg.filter.js-2.0.2.tgz"
  "version" "2.0.2"
  dependencies:
    "svg.js" "^2.2.5"

"svg.js@^2.0.1", "svg.js@^2.2.5", "svg.js@^2.4.0", "svg.js@^2.6.5", "svg.js@>=2.3.x":
  "integrity" "sha512-ycbxpizEQktk3FYvn/8BH+6/EuWXg7ZpQREJvgacqn46gIddG24tNNe4Son6omdXCnSOaApnpZw6MPCBA1dODA=="
  "resolved" "https://registry.npmjs.org/svg.js/-/svg.js-2.7.1.tgz"
  "version" "2.7.1"

"svg.pathmorphing.js@^0.1.3":
  "integrity" "sha512-49HWI9X4XQR/JG1qXkSDV8xViuTLIWm/B/7YuQELV5KMOPtXjiwH4XPJvr/ghEDibmLQ9Oc22dpWpG0vUDDNww=="
  "resolved" "https://registry.npmjs.org/svg.pathmorphing.js/-/svg.pathmorphing.js-0.1.3.tgz"
  "version" "0.1.3"
  dependencies:
    "svg.js" "^2.4.0"

"svg.resize.js@^1.4.3":
  "integrity" "sha512-9k5sXJuPKp+mVzXNvxz7U0uC9oVMQrrf7cFsETznzUDDm0x8+77dtZkWdMfRlmbkEEYvUn9btKuZ3n41oNA+uw=="
  "resolved" "https://registry.npmjs.org/svg.resize.js/-/svg.resize.js-1.4.3.tgz"
  "version" "1.4.3"
  dependencies:
    "svg.js" "^2.6.5"
    "svg.select.js" "^2.1.2"

"svg.select.js@^2.1.2":
  "integrity" "sha512-tH6ABEyJsAOVAhwcCjF8mw4crjXSI1aa7j2VQR8ZuJ37H2MBUbyeqYr5nEO7sSN3cy9AR9DUwNg0t/962HlDbQ=="
  "resolved" "https://registry.npmjs.org/svg.select.js/-/svg.select.js-2.1.2.tgz"
  "version" "2.1.2"
  dependencies:
    "svg.js" "^2.2.5"

"svg.select.js@^3.0.1":
  "integrity" "sha512-h5IS/hKkuVCbKSieR9uQCj9w+zLHoPh+ce19bBYyqF53g6mnPB8sAtIbe1s9dh2S2fCmYX2xel1Ln3PJBbK4kw=="
  "resolved" "https://registry.npmjs.org/svg.select.js/-/svg.select.js-3.0.1.tgz"
  "version" "3.0.1"
  dependencies:
    "svg.js" "^2.6.5"

"sweetalert2@11.x":
  "integrity" "sha512-RBPKdK8Uf9/bz9r4vy7x6sGqf0MioSXt1po1lAwwcl3AwbjHVTc5S0yud4ZJKU1EhvJFVDrFoqIpHwWERwZJEA=="
  "resolved" "https://registry.npmjs.org/sweetalert2/-/sweetalert2-11.7.5.tgz"
  "version" "11.7.5"

"tinymce@^5.5.0":
  "integrity" "sha512-9UUjaO0R7FxcFo0oxnd1lMs7H+D0Eh+dDVo5hKbVe1a+VB0nit97vOqlinj+YwgoBDt6/DSCUoWqAYlLI8BLYA=="
  "resolved" "https://registry.npmjs.org/tinymce/-/tinymce-5.10.7.tgz"
  "version" "5.10.7"

"tinymce@^6.3.1":
  "integrity" "sha512-te+4c8PoAwTKPMBQtMQehnSZlOO9Ay5tDgaRFJKBehYb6SlX2PYZ0v3oe/cmiv5EfqdwZLkEMXk2MNOeApZZLg=="
  "resolved" "https://registry.npmjs.org/tinymce/-/tinymce-6.4.2.tgz"
  "version" "6.4.2"

"vite-plugin-full-reload@^1.0.1":
  "integrity" "sha512-kVZFDFWr0DxiHn6MuDVTQf7gnWIdETGlZh0hvTiMXzRN80vgF4PKbONSq8U1d0WtHsKaFODTQgJeakLacoPZEQ=="
  "resolved" "https://registry.npmjs.org/vite-plugin-full-reload/-/vite-plugin-full-reload-1.0.5.tgz"
  "version" "1.0.5"
  dependencies:
    "picocolors" "^1.0.0"
    "picomatch" "^2.3.1"

"vite@^2 || ^3 || ^4", "vite@^3.0.0":
  "integrity" "sha512-nTXTxYVvaQNLoW5BQ8PNNQ3lPia57gzsQU/Khv+JvzKPku8kNZL6NMUR/qwXhMG6E+g1idqEPanomJ+VZgixEg=="
  "resolved" "https://registry.npmjs.org/vite/-/vite-3.2.6.tgz"
  "version" "3.2.6"
  dependencies:
    "esbuild" "^0.15.9"
    "postcss" "^8.4.18"
    "resolve" "^1.22.1"
    "rollup" "^2.79.1"
  optionalDependencies:
    "fsevents" "~2.3.2"

"vue-sweetalert2@^5.0.2":
  "integrity" "sha512-28pcpmvaFxwoXIUkOWwhZhmsV749jXxha8JicwPoSKyFKR5FhIaZU6UHO5WlUCLIVUI6sAWY6WngK2x/iXYwZg=="
  "resolved" "https://registry.npmjs.org/vue-sweetalert2/-/vue-sweetalert2-5.0.2.tgz"
  "version" "5.0.2"
  dependencies:
    "sweetalert2" "11.x"

"vue@*", "vue@^3.0.0", "vue@^3.2.25", "vue@^3.2.29", "vue@3.2.29":
  "integrity" "sha512-cFIwr7LkbtCRanjNvh6r7wp2yUxfxeM2yPpDQpAfaaLIGZSrUmLbNiSze9nhBJt5MrZ68Iqt0O5scwAMEVxF+Q=="
  "resolved" "https://registry.npmjs.org/vue/-/vue-3.2.29.tgz"
  "version" "3.2.29"
  dependencies:
    "@vue/compiler-dom" "3.2.29"
    "@vue/compiler-sfc" "3.2.29"
    "@vue/runtime-dom" "3.2.29"
    "@vue/server-renderer" "3.2.29"
    "@vue/shared" "3.2.29"
